
Microsoft Visual Studio Solution File, Format Version 12.00
# Visual Studio 2012
Project("{2150E333-8FDC-42A3-9474-1A3956D46DE8}") = "glew", "glew", "{1CA6B3BD-C47B-4C2D-87BC-023B0B4A48EF}"
EndProject
Project("{8BC9CEB8-8B4A-11D0-8D11-00A0C91BC942}") = "glew", "glew\build\vc11\glew_static.vcxproj", "{664E6F0D-6784-4760-9565-D54F8EB1EDF4}"
EndProject
Project("{2150E333-8FDC-42A3-9474-1A3956D46DE8}") = "freetype", "freetype", "{FB8759BC-1555-4D83-ABD9-30034C4FFE51}"
EndProject
Project("{2150E333-8FDC-42A3-9474-1A3956D46DE8}") = "zip", "zip", "{5FA5987C-2025-4730-A572-3C3DA96CBE6C}"
EndProject
Project("{2150E333-8FDC-42A3-9474-1A3956D46DE8}") = "xml", "xml", "{30F8D549-7E95-4526-A988-2A44473D8A90}"
EndProject
Project("{8BC9CEB8-8B4A-11D0-8D11-00A0C91BC942}") = "tinyxml", "tinyxml\build\tinyxml.vc11.vcxproj", "{C406DAEC-0886-4771-8DEA-9D7329B46CC1}"
EndProject
Project("{8BC9CEB8-8B4A-11D0-8D11-00A0C91BC942}") = "expatxml", "expatxml\expat_static.vc11.vcxproj", "{7C2A712F-95C2-43D3-AE98-E590E9A4CDDA}"
EndProject
Project("{2150E333-8FDC-42A3-9474-1A3956D46DE8}") = "lua", "lua", "{BF2AA1A7-F59A-4B85-AF07-6F16DE518647}"
EndProject
Project("{8BC9CEB8-8B4A-11D0-8D11-00A0C91BC942}") = "lua", "lua\lua.vc11.vcxproj", "{609B228F-79D9-4934-99BD-A7C86E0FFE93}"
EndProject
Project("{2150E333-8FDC-42A3-9474-1A3956D46DE8}") = "image", "image", "{94F69567-90CF-4477-B73C-1CDE51610AA5}"
EndProject
Project("{2150E333-8FDC-42A3-9474-1A3956D46DE8}") = "FreeImage", "FreeImage", "{18032E69-9EF5-4657-99DB-BD7EACA204AD}"
EndProject
Project("{8BC9CEB8-8B4A-11D0-8D11-00A0C91BC942}") = "zlib", "zlib\msvc\zlib.vc11.vcxproj", "{E2C146F9-F840-4C21-9CA9-E1DD9649AB7A}"
EndProject
Project("{8BC9CEB8-8B4A-11D0-8D11-00A0C91BC942}") = "zziplib", "zziplib\msvc\zziplib.vc11.vcxproj", "{CB440073-2ED3-48CE-A1A1-B6EACB3A44BD}"
EndProject
Project("{8BC9CEB8-8B4A-11D0-8D11-00A0C91BC942}") = "freetype", "freetype\builds\windows\freetype.vc11.vcxproj", "{78B079BD-9FC7-4B9E-B4A6-96DA0F00248B}"
EndProject
Project("{8BC9CEB8-8B4A-11D0-8D11-00A0C91BC942}") = "freeimage_static", "freeimage\FreeImageLib.vc11.vcxproj", "{9E219DF2-315D-478E-8A07-8960C377CE1E}"
EndProject
Project("{2150E333-8FDC-42A3-9474-1A3956D46DE8}") = "Text", "Text", "{A9275C98-A08E-4286-B89F-226B7BAA588F}"
	ProjectSection(SolutionItems) = preProject
		readme.txt = readme.txt
	EndProjectSection
EndProject
Global
	GlobalSection(SolutionConfigurationPlatforms) = preSolution
		Debug|Win32 = Debug|Win32
		Debug|x64 = Debug|x64
		Release|Win32 = Release|Win32
		Release|x64 = Release|x64
	EndGlobalSection
	GlobalSection(ProjectConfigurationPlatforms) = postSolution
		{664E6F0D-6784-4760-9565-D54F8EB1EDF4}.Debug|Win32.ActiveCfg = Debug|Win32
		{664E6F0D-6784-4760-9565-D54F8EB1EDF4}.Debug|Win32.Build.0 = Debug|Win32
		{664E6F0D-6784-4760-9565-D54F8EB1EDF4}.Debug|x64.ActiveCfg = Debug|x64
		{664E6F0D-6784-4760-9565-D54F8EB1EDF4}.Debug|x64.Build.0 = Debug|x64
		{664E6F0D-6784-4760-9565-D54F8EB1EDF4}.Release|Win32.ActiveCfg = Release|Win32
		{664E6F0D-6784-4760-9565-D54F8EB1EDF4}.Release|Win32.Build.0 = Release|Win32
		{664E6F0D-6784-4760-9565-D54F8EB1EDF4}.Release|x64.ActiveCfg = Release|x64
		{664E6F0D-6784-4760-9565-D54F8EB1EDF4}.Release|x64.Build.0 = Release|x64
		{C406DAEC-0886-4771-8DEA-9D7329B46CC1}.Debug|Win32.ActiveCfg = Debug|Win32
		{C406DAEC-0886-4771-8DEA-9D7329B46CC1}.Debug|Win32.Build.0 = Debug|Win32
		{C406DAEC-0886-4771-8DEA-9D7329B46CC1}.Debug|x64.ActiveCfg = Debug|x64
		{C406DAEC-0886-4771-8DEA-9D7329B46CC1}.Debug|x64.Build.0 = Debug|x64
		{C406DAEC-0886-4771-8DEA-9D7329B46CC1}.Release|Win32.ActiveCfg = Release|Win32
		{C406DAEC-0886-4771-8DEA-9D7329B46CC1}.Release|Win32.Build.0 = Release|Win32
		{C406DAEC-0886-4771-8DEA-9D7329B46CC1}.Release|x64.ActiveCfg = Release|x64
		{C406DAEC-0886-4771-8DEA-9D7329B46CC1}.Release|x64.Build.0 = Release|x64
		{7C2A712F-95C2-43D3-AE98-E590E9A4CDDA}.Debug|Win32.ActiveCfg = Debug|Win32
		{7C2A712F-95C2-43D3-AE98-E590E9A4CDDA}.Debug|Win32.Build.0 = Debug|Win32
		{7C2A712F-95C2-43D3-AE98-E590E9A4CDDA}.Debug|x64.ActiveCfg = Debug|x64
		{7C2A712F-95C2-43D3-AE98-E590E9A4CDDA}.Debug|x64.Build.0 = Debug|x64
		{7C2A712F-95C2-43D3-AE98-E590E9A4CDDA}.Release|Win32.ActiveCfg = Release|Win32
		{7C2A712F-95C2-43D3-AE98-E590E9A4CDDA}.Release|Win32.Build.0 = Release|Win32
		{7C2A712F-95C2-43D3-AE98-E590E9A4CDDA}.Release|x64.ActiveCfg = Release|x64
		{7C2A712F-95C2-43D3-AE98-E590E9A4CDDA}.Release|x64.Build.0 = Release|x64
		{609B228F-79D9-4934-99BD-A7C86E0FFE93}.Debug|Win32.ActiveCfg = Debug|Win32
		{609B228F-79D9-4934-99BD-A7C86E0FFE93}.Debug|Win32.Build.0 = Debug|Win32
		{609B228F-79D9-4934-99BD-A7C86E0FFE93}.Debug|x64.ActiveCfg = Debug|x64
		{609B228F-79D9-4934-99BD-A7C86E0FFE93}.Debug|x64.Build.0 = Debug|x64
		{609B228F-79D9-4934-99BD-A7C86E0FFE93}.Release|Win32.ActiveCfg = Release|Win32
		{609B228F-79D9-4934-99BD-A7C86E0FFE93}.Release|Win32.Build.0 = Release|Win32
		{609B228F-79D9-4934-99BD-A7C86E0FFE93}.Release|x64.ActiveCfg = Release|x64
		{609B228F-79D9-4934-99BD-A7C86E0FFE93}.Release|x64.Build.0 = Release|x64
		{E2C146F9-F840-4C21-9CA9-E1DD9649AB7A}.Debug|Win32.ActiveCfg = Debug|Win32
		{E2C146F9-F840-4C21-9CA9-E1DD9649AB7A}.Debug|Win32.Build.0 = Debug|Win32
		{E2C146F9-F840-4C21-9CA9-E1DD9649AB7A}.Debug|x64.ActiveCfg = Debug|x64
		{E2C146F9-F840-4C21-9CA9-E1DD9649AB7A}.Debug|x64.Build.0 = Debug|x64
		{E2C146F9-F840-4C21-9CA9-E1DD9649AB7A}.Release|Win32.ActiveCfg = Release|Win32
		{E2C146F9-F840-4C21-9CA9-E1DD9649AB7A}.Release|Win32.Build.0 = Release|Win32
		{E2C146F9-F840-4C21-9CA9-E1DD9649AB7A}.Release|x64.ActiveCfg = Release|x64
		{E2C146F9-F840-4C21-9CA9-E1DD9649AB7A}.Release|x64.Build.0 = Release|x64
		{CB440073-2ED3-48CE-A1A1-B6EACB3A44BD}.Debug|Win32.ActiveCfg = Debug|Win32
		{CB440073-2ED3-48CE-A1A1-B6EACB3A44BD}.Debug|Win32.Build.0 = Debug|Win32
		{CB440073-2ED3-48CE-A1A1-B6EACB3A44BD}.Debug|x64.ActiveCfg = Debug|x64
		{CB440073-2ED3-48CE-A1A1-B6EACB3A44BD}.Debug|x64.Build.0 = Debug|x64
		{CB440073-2ED3-48CE-A1A1-B6EACB3A44BD}.Release|Win32.ActiveCfg = Release|Win32
		{CB440073-2ED3-48CE-A1A1-B6EACB3A44BD}.Release|Win32.Build.0 = Release|Win32
		{CB440073-2ED3-48CE-A1A1-B6EACB3A44BD}.Release|x64.ActiveCfg = Release|x64
		{CB440073-2ED3-48CE-A1A1-B6EACB3A44BD}.Release|x64.Build.0 = Release|x64
		{78B079BD-9FC7-4B9E-B4A6-96DA0F00248B}.Debug|Win32.ActiveCfg = Debug|Win32
		{78B079BD-9FC7-4B9E-B4A6-96DA0F00248B}.Debug|Win32.Build.0 = Debug|Win32
		{78B079BD-9FC7-4B9E-B4A6-96DA0F00248B}.Debug|x64.ActiveCfg = Debug|x64
		{78B079BD-9FC7-4B9E-B4A6-96DA0F00248B}.Debug|x64.Build.0 = Debug|x64
		{78B079BD-9FC7-4B9E-B4A6-96DA0F00248B}.Release|Win32.ActiveCfg = Release|Win32
		{78B079BD-9FC7-4B9E-B4A6-96DA0F00248B}.Release|Win32.Build.0 = Release|Win32
		{78B079BD-9FC7-4B9E-B4A6-96DA0F00248B}.Release|x64.ActiveCfg = Release|x64
		{78B079BD-9FC7-4B9E-B4A6-96DA0F00248B}.Release|x64.Build.0 = Release|x64
		{9E219DF2-315D-478E-8A07-8960C377CE1E}.Debug|Win32.ActiveCfg = Debug|Win32
		{9E219DF2-315D-478E-8A07-8960C377CE1E}.Debug|Win32.Build.0 = Debug|Win32
		{9E219DF2-315D-478E-8A07-8960C377CE1E}.Debug|x64.ActiveCfg = Debug|x64
		{9E219DF2-315D-478E-8A07-8960C377CE1E}.Debug|x64.Build.0 = Debug|x64
		{9E219DF2-315D-478E-8A07-8960C377CE1E}.Release|Win32.ActiveCfg = Release|Win32
		{9E219DF2-315D-478E-8A07-8960C377CE1E}.Release|Win32.Build.0 = Release|Win32
		{9E219DF2-315D-478E-8A07-8960C377CE1E}.Release|x64.ActiveCfg = Release|x64
		{9E219DF2-315D-478E-8A07-8960C377CE1E}.Release|x64.Build.0 = Release|x64
	EndGlobalSection
	GlobalSection(SolutionProperties) = preSolution
		HideSolutionNode = FALSE
	EndGlobalSection
	GlobalSection(NestedProjects) = preSolution
		{664E6F0D-6784-4760-9565-D54F8EB1EDF4} = {1CA6B3BD-C47B-4C2D-87BC-023B0B4A48EF}
		{78B079BD-9FC7-4B9E-B4A6-96DA0F00248B} = {FB8759BC-1555-4D83-ABD9-30034C4FFE51}
		{E2C146F9-F840-4C21-9CA9-E1DD9649AB7A} = {5FA5987C-2025-4730-A572-3C3DA96CBE6C}
		{CB440073-2ED3-48CE-A1A1-B6EACB3A44BD} = {5FA5987C-2025-4730-A572-3C3DA96CBE6C}
		{C406DAEC-0886-4771-8DEA-9D7329B46CC1} = {30F8D549-7E95-4526-A988-2A44473D8A90}
		{7C2A712F-95C2-43D3-AE98-E590E9A4CDDA} = {30F8D549-7E95-4526-A988-2A44473D8A90}
		{609B228F-79D9-4934-99BD-A7C86E0FFE93} = {BF2AA1A7-F59A-4B85-AF07-6F16DE518647}
		{18032E69-9EF5-4657-99DB-BD7EACA204AD} = {94F69567-90CF-4477-B73C-1CDE51610AA5}
		{9E219DF2-315D-478E-8A07-8960C377CE1E} = {18032E69-9EF5-4657-99DB-BD7EACA204AD}
	EndGlobalSection
EndGlobal
